
Microsoft Visual Studio Solution File, Format Version 12.00
# Visual Studio Version 17
VisualStudioVersion = 17.10.34928.147
MinimumVisualStudioVersion = 10.0.40219.1
Project("{9A19103F-16F7-4668-BE54-9A1E7A4F7556}") = "Client", "Client\Client.csproj", "{D50B88E4-FA8F-447F-9EB6-2C9801D683F4}"
EndProject
Global
	GlobalSection(SolutionConfigurationPlatforms) = preSolution
		Debug|Any CPU = Debug|Any CPU
		Release|Any CPU = Release|Any CPU
	EndGlobalSection
	GlobalSection(ProjectConfigurationPlatforms) = postSolution
		{D50B88E4-FA8F-447F-9EB6-2C9801D683F4}.Debug|Any CPU.ActiveCfg = Debug|Any CPU
		{D50B88E4-FA8F-447F-9EB6-2C9801D683F4}.Debug|Any CPU.Build.0 = Debug|Any CPU
		{D50B88E4-FA8F-447F-9EB6-2C9801D683F4}.Release|Any CPU.ActiveCfg = Release|Any CPU
		{D50B88E4-FA8F-447F-9EB6-2C9801D683F4}.Release|Any CPU.Build.0 = Release|Any CPU
	EndGlobalSection
	GlobalSection(SolutionProperties) = preSolution
		HideSolutionNode = FALSE
	EndGlobalSection
	GlobalSection(ExtensibilityGlobals) = postSolution
		SolutionGuid = {28EBD502-9EA6-4BCD-B292-583E174E0845}
	EndGlobalSection
EndGlobal
